
Microsoft Visual Studio Solution File, Format Version 12.00
# Visual Studio Version 16
VisualStudioVersion = 16.0.31605.320
MinimumVisualStudioVersion = 10.0.40219.1
Project("{FAE04EC0-301F-11D3-BF4B-00C04F79EFBC}") = "IterationStatements_20", "IterationStatements_20\IterationStatements_20.csproj", "{5E14A2CB-ECBA-419D-903A-5AF028BA5B6A}"
EndProject
Global
	GlobalSection(SolutionConfigurationPlatforms) = preSolution
		Debug|Any CPU = Debug|Any CPU
		Release|Any CPU = Release|Any CPU
	EndGlobalSection
	GlobalSection(ProjectConfigurationPlatforms) = postSolution
		{5E14A2CB-ECBA-419D-903A-5AF028BA5B6A}.Debug|Any CPU.ActiveCfg = Debug|Any CPU
		{5E14A2CB-ECBA-419D-903A-5AF028BA5B6A}.Debug|Any CPU.Build.0 = Debug|Any CPU
		{5E14A2CB-ECBA-419D-903A-5AF028BA5B6A}.Release|Any CPU.ActiveCfg = Release|Any CPU
		{5E14A2CB-ECBA-419D-903A-5AF028BA5B6A}.Release|Any CPU.Build.0 = Release|Any CPU
	EndGlobalSection
	GlobalSection(SolutionProperties) = preSolution
		HideSolutionNode = FALSE
	EndGlobalSection
	GlobalSection(ExtensibilityGlobals) = postSolution
		SolutionGuid = {5205913C-D1D2-4DFD-B39E-AC7494D0E3E5}
	EndGlobalSection
EndGlobal
